
Microsoft Visual Studio Solution File, Format Version 12.00
# Visual Studio Version 17
VisualStudioVersion = 17.5.33502.453
MinimumVisualStudioVersion = 10.0.40219.1
Project("{FAE04EC0-301F-11D3-BF4B-00C04F79EFBC}") = "DataAccessLibrary", "DataAccessLibrary\DataAccessLibrary.csproj", "{D255926B-58EA-411A-9308-302FAB5929D5}"
EndProject
Project("{FAE04EC0-301F-11D3-BF4B-00C04F79EFBC}") = "ExampleWebApp", "ExampleWebApp\ExampleWebApp.csproj", "{79B6F5D9-DDD7-4D76-8568-85D79E8A332D}"
EndProject
Global
	GlobalSection(SolutionConfigurationPlatforms) = preSolution
		Debug|Any CPU = Debug|Any CPU
		Release|Any CPU = Release|Any CPU
	EndGlobalSection
	GlobalSection(ProjectConfigurationPlatforms) = postSolution
		{D255926B-58EA-411A-9308-302FAB5929D5}.Debug|Any CPU.ActiveCfg = Debug|Any CPU
		{D255926B-58EA-411A-9308-302FAB5929D5}.Debug|Any CPU.Build.0 = Debug|Any CPU
		{D255926B-58EA-411A-9308-302FAB5929D5}.Release|Any CPU.ActiveCfg = Release|Any CPU
		{D255926B-58EA-411A-9308-302FAB5929D5}.Release|Any CPU.Build.0 = Release|Any CPU
		{79B6F5D9-DDD7-4D76-8568-85D79E8A332D}.Debug|Any CPU.ActiveCfg = Debug|Any CPU
		{79B6F5D9-DDD7-4D76-8568-85D79E8A332D}.Debug|Any CPU.Build.0 = Debug|Any CPU
		{79B6F5D9-DDD7-4D76-8568-85D79E8A332D}.Release|Any CPU.ActiveCfg = Release|Any CPU
		{79B6F5D9-DDD7-4D76-8568-85D79E8A332D}.Release|Any CPU.Build.0 = Release|Any CPU
	EndGlobalSection
	GlobalSection(SolutionProperties) = preSolution
		HideSolutionNode = FALSE
	EndGlobalSection
	GlobalSection(ExtensibilityGlobals) = postSolution
		SolutionGuid = {8A179A87-2C45-4ADB-B6A6-03581043ABB8}
	EndGlobalSection
EndGlobal
